
Microsoft Visual Studio Solution File, Format Version 12.00
# Visual Studio Version 17
VisualStudioVersion = 17.11.35312.102
MinimumVisualStudioVersion = 10.0.40219.1
Project("{FAE04EC0-301F-11D3-BF4B-00C04F79EFBC}") = "strok", "strok\strok.csproj", "{F6A7CA22-B926-4A42-AA12-46816C6FABCA}"
EndProject
Global
	GlobalSection(SolutionConfigurationPlatforms) = preSolution
		Debug|Any CPU = Debug|Any CPU
		Release|Any CPU = Release|Any CPU
	EndGlobalSection
	GlobalSection(ProjectConfigurationPlatforms) = postSolution
		{F6A7CA22-B926-4A42-AA12-46816C6FABCA}.Debug|Any CPU.ActiveCfg = Debug|Any CPU
		{F6A7CA22-B926-4A42-AA12-46816C6FABCA}.Debug|Any CPU.Build.0 = Debug|Any CPU
		{F6A7CA22-B926-4A42-AA12-46816C6FABCA}.Release|Any CPU.ActiveCfg = Release|Any CPU
		{F6A7CA22-B926-4A42-AA12-46816C6FABCA}.Release|Any CPU.Build.0 = Release|Any CPU
	EndGlobalSection
	GlobalSection(SolutionProperties) = preSolution
		HideSolutionNode = FALSE
	EndGlobalSection
	GlobalSection(ExtensibilityGlobals) = postSolution
		SolutionGuid = {EDA9DA78-F063-4F13-9B97-4FC9EE1E16D3}
	EndGlobalSection
EndGlobal
