
Microsoft Visual Studio Solution File, Format Version 12.00
# Visual Studio Version 17
VisualStudioVersion = 17.11.35312.102
MinimumVisualStudioVersion = 10.0.40219.1
Project("{FAE04EC0-301F-11D3-BF4B-00C04F79EFBC}") = "interp1", "interp1\interp1.csproj", "{1857774D-E1D1-4E3C-9C39-E6C529A4E068}"
EndProject
Global
	GlobalSection(SolutionConfigurationPlatforms) = preSolution
		Debug|Any CPU = Debug|Any CPU
		Release|Any CPU = Release|Any CPU
	EndGlobalSection
	GlobalSection(ProjectConfigurationPlatforms) = postSolution
		{1857774D-E1D1-4E3C-9C39-E6C529A4E068}.Debug|Any CPU.ActiveCfg = Debug|Any CPU
		{1857774D-E1D1-4E3C-9C39-E6C529A4E068}.Debug|Any CPU.Build.0 = Debug|Any CPU
		{1857774D-E1D1-4E3C-9C39-E6C529A4E068}.Release|Any CPU.ActiveCfg = Release|Any CPU
		{1857774D-E1D1-4E3C-9C39-E6C529A4E068}.Release|Any CPU.Build.0 = Release|Any CPU
	EndGlobalSection
	GlobalSection(SolutionProperties) = preSolution
		HideSolutionNode = FALSE
	EndGlobalSection
	GlobalSection(ExtensibilityGlobals) = postSolution
		SolutionGuid = {BC87B23B-F960-488B-8738-9608A7F1E9DA}
	EndGlobalSection
EndGlobal
