
Microsoft Visual Studio Solution File, Format Version 12.00
# Visual Studio Version 17
VisualStudioVersion = 17.11.35312.102
MinimumVisualStudioVersion = 10.0.40219.1
Project("{FAE04EC0-301F-11D3-BF4B-00C04F79EFBC}") = "zad__6", "zad__6\zad__6.csproj", "{AC932D13-D775-4A18-BF2E-ADF82AF4C25D}"
EndProject
Global
	GlobalSection(SolutionConfigurationPlatforms) = preSolution
		Debug|Any CPU = Debug|Any CPU
		Release|Any CPU = Release|Any CPU
	EndGlobalSection
	GlobalSection(ProjectConfigurationPlatforms) = postSolution
		{AC932D13-D775-4A18-BF2E-ADF82AF4C25D}.Debug|Any CPU.ActiveCfg = Debug|Any CPU
		{AC932D13-D775-4A18-BF2E-ADF82AF4C25D}.Debug|Any CPU.Build.0 = Debug|Any CPU
		{AC932D13-D775-4A18-BF2E-ADF82AF4C25D}.Release|Any CPU.ActiveCfg = Release|Any CPU
		{AC932D13-D775-4A18-BF2E-ADF82AF4C25D}.Release|Any CPU.Build.0 = Release|Any CPU
	EndGlobalSection
	GlobalSection(SolutionProperties) = preSolution
		HideSolutionNode = FALSE
	EndGlobalSection
	GlobalSection(ExtensibilityGlobals) = postSolution
		SolutionGuid = {FC2B48E4-ABF1-4492-8EDE-C623084B02F3}
	EndGlobalSection
EndGlobal
